
Microsoft Visual Studio Solution File, Format Version 12.00
# Visual Studio Version 16
VisualStudioVersion = 16.0.31613.86
MinimumVisualStudioVersion = 10.0.40219.1
Project("{FAE04EC0-301F-11D3-BF4B-00C04F79EFBC}") = "FluentApiCourse", "FluentApiCourse\FluentApiCourse.csproj", "{0447610F-6911-4183-923E-C7CD299BEAAD}"
EndProject
Global
	GlobalSection(SolutionConfigurationPlatforms) = preSolution
		Debug|Any CPU = Debug|Any CPU
		Release|Any CPU = Release|Any CPU
	EndGlobalSection
	GlobalSection(ProjectConfigurationPlatforms) = postSolution
		{0447610F-6911-4183-923E-C7CD299BEAAD}.Debug|Any CPU.ActiveCfg = Debug|Any CPU
		{0447610F-6911-4183-923E-C7CD299BEAAD}.Debug|Any CPU.Build.0 = Debug|Any CPU
		{0447610F-6911-4183-923E-C7CD299BEAAD}.Release|Any CPU.ActiveCfg = Release|Any CPU
		{0447610F-6911-4183-923E-C7CD299BEAAD}.Release|Any CPU.Build.0 = Release|Any CPU
	EndGlobalSection
	GlobalSection(SolutionProperties) = preSolution
		HideSolutionNode = FALSE
	EndGlobalSection
	GlobalSection(ExtensibilityGlobals) = postSolution
		SolutionGuid = {7E5C8892-2EF4-497D-A895-C84936412999}
	EndGlobalSection
EndGlobal
